// !$*UTF8*$!
{
	archiveVersion = 1;
	classes = {
	};
	objectVersion = 46;
	objects = {

/* Begin PBXBuildFile section */
		67B10CB519D8EE5900B0E9CF /* Foundation.framework in Frameworks */ = {isa = PBXBuildFile; fileRef = 67B10CB419D8EE5900B0E9CF /* Foundation.framework */; };
		67B10CB719D8EE5900B0E9CF /* CoreGraphics.framework in Frameworks */ = {isa = PBXBuildFile; fileRef = 67B10CB619D8EE5900B0E9CF /* CoreGraphics.framework */; };
		67B10CB919D8EE5900B0E9CF /* UIKit.framework in Frameworks */ = {isa = PBXBuildFile; fileRef = 67B10CB819D8EE5900B0E9CF /* UIKit.framework */; };
		67B10CBF19D8EE5900B0E9CF /* InfoPlist.strings in Resources */ = {isa = PBXBuildFile; fileRef = 67B10CBD19D8EE5900B0E9CF /* InfoPlist.strings */; };
		67B10CC119D8EE5900B0E9CF /* main.m in Sources */ = {isa = PBXBuildFile; fileRef = 67B10CC019D8EE5900B0E9CF /* main.m */; };
		67B10CC519D8EE5900B0E9CF /* AppDelegate.m in Sources */ = {isa = PBXBuildFile; fileRef = 67B10CC419D8EE5900B0E9CF /* AppDelegate.m */; };
		67B10CC719D8EE5900B0E9CF /* Images.xcassets in Resources */ = {isa = PBXBuildFile; fileRef = 67B10CC619D8EE5900B0E9CF /* Images.xcassets */; };
		67B10CCE19D8EE5900B0E9CF /* XCTest.framework in Frameworks */ = {isa = PBXBuildFile; fileRef = 67B10CCD19D8EE5900B0E9CF /* XCTest.framework */; };
		67B10CCF19D8EE5900B0E9CF /* Foundation.framework in Frameworks */ = {isa = PBXBuildFile; fileRef = 67B10CB419D8EE5900B0E9CF /* Foundation.framework */; };
		67B10CD019D8EE5900B0E9CF /* UIKit.framework in Frameworks */ = {isa = PBXBuildFile; fileRef = 67B10CB819D8EE5900B0E9CF /* UIKit.framework */; };
		67B10CD819D8EE5900B0E9CF /* InfoPlist.strings in Resources */ = {isa = PBXBuildFile; fileRef = 67B10CD619D8EE5900B0E9CF /* InfoPlist.strings */; };
		67B10CDA19D8EE5900B0E9CF /* GCDDemoTests.m in Sources */ = {isa = PBXBuildFile; fileRef = 67B10CD919D8EE5900B0E9CF /* GCDDemoTests.m */; };
		67B10CE519D8EE8E00B0E9CF /* ViewController.m in Sources */ = {isa = PBXBuildFile; fileRef = 67B10CE419D8EE8E00B0E9CF /* ViewController.m */; };
		67B10CE819D8EECA00B0E9CF /* MainView.m in Sources */ = {isa = PBXBuildFile; fileRef = 67B10CE719D8EECA00B0E9CF /* MainView.m */; };
/* End PBXBuildFile section */

/* Begin PBXContainerItemProxy section */
		67B10CD119D8EE5900B0E9CF /* PBXContainerItemProxy */ = {
			isa = PBXContainerItemProxy;
			containerPortal = 67B10CA919D8EE5900B0E9CF /* Project object */;
			proxyType = 1;
			remoteGlobalIDString = 67B10CB019D8EE5900B0E9CF;
			remoteInfo = GCDDemo;
		};
/* End PBXContainerItemProxy section */

/* Begin PBXFileReference section */
		67B10CB119D8EE5900B0E9CF /* GCDDemo.app */ = {isa = PBXFileReference; explicitFileType = wrapper.application; includeInIndex = 0; path = GCDDemo.app; sourceTree = BUILT_PRODUCTS_DIR; };
		67B10CB419D8EE5900B0E9CF /* Foundation.framework */ = {isa = PBXFileReference; lastKnownFileType = wrapper.framework; name = Foundation.framework; path = System/Library/Frameworks/Foundation.framework; sourceTree = SDKROOT; };
		67B10CB619D8EE5900B0E9CF /* CoreGraphics.framework */ = {isa = PBXFileReference; lastKnownFileType = wrapper.framework; name = CoreGraphics.framework; path = System/Library/Frameworks/CoreGraphics.framework; sourceTree = SDKROOT; };
		67B10CB819D8EE5900B0E9CF /* UIKit.framework */ = {isa = PBXFileReference; lastKnownFileType = wrapper.framework; name = UIKit.framework; path = System/Library/Frameworks/UIKit.framework; sourceTree = SDKROOT; };
		67B10CBC19D8EE5900B0E9CF /* GCDDemo-Info.plist */ = {isa = PBXFileReference; lastKnownFileType = text.plist.xml; path = "GCDDemo-Info.plist"; sourceTree = "<group>"; };
		67B10CBE19D8EE5900B0E9CF /* en */ = {isa = PBXFileReference; lastKnownFileType = text.plist.strings; name = en; path = en.lproj/InfoPlist.strings; sourceTree = "<group>"; };
		67B10CC019D8EE5900B0E9CF /* main.m */ = {isa = PBXFileReference; lastKnownFileType = sourcecode.c.objc; path = main.m; sourceTree = "<group>"; };
		67B10CC219D8EE5900B0E9CF /* GCDDemo-Prefix.pch */ = {isa = PBXFileReference; lastKnownFileType = sourcecode.c.h; path = "GCDDemo-Prefix.pch"; sourceTree = "<group>"; };
		67B10CC319D8EE5900B0E9CF /* AppDelegate.h */ = {isa = PBXFileReference; lastKnownFileType = sourcecode.c.h; path = AppDelegate.h; sourceTree = "<group>"; };
		67B10CC419D8EE5900B0E9CF /* AppDelegate.m */ = {isa = PBXFileReference; lastKnownFileType = sourcecode.c.objc; path = AppDelegate.m; sourceTree = "<group>"; };
		67B10CC619D8EE5900B0E9CF /* Images.xcassets */ = {isa = PBXFileReference; lastKnownFileType = folder.assetcatalog; path = Images.xcassets; sourceTree = "<group>"; };
		67B10CCC19D8EE5900B0E9CF /* GCDDemoTests.xctest */ = {isa = PBXFileReference; explicitFileType = wrapper.cfbundle; includeInIndex = 0; path = GCDDemoTests.xctest; sourceTree = BUILT_PRODUCTS_DIR; };
		67B10CCD19D8EE5900B0E9CF /* XCTest.framework */ = {isa = PBXFileReference; lastKnownFileType = wrapper.framework; name = XCTest.framework; path = Library/Frameworks/XCTest.framework; sourceTree = DEVELOPER_DIR; };
		67B10CD519D8EE5900B0E9CF /* GCDDemoTests-Info.plist */ = {isa = PBXFileReference; lastKnownFileType = text.plist.xml; path = "GCDDemoTests-Info.plist"; sourceTree = "<group>"; };
		67B10CD719D8EE5900B0E9CF /* en */ = {isa = PBXFileReference; lastKnownFileType = text.plist.strings; name = en; path = en.lproj/InfoPlist.strings; sourceTree = "<group>"; };
		67B10CD919D8EE5900B0E9CF /* GCDDemoTests.m */ = {isa = PBXFileReference; lastKnownFileType = sourcecode.c.objc; path = GCDDemoTests.m; sourceTree = "<group>"; };
		67B10CE319D8EE8E00B0E9CF /* ViewController.h */ = {isa = PBXFileReference; fileEncoding = 4; lastKnownFileType = sourcecode.c.h; path = ViewController.h; sourceTree = "<group>"; };
		67B10CE419D8EE8E00B0E9CF /* ViewController.m */ = {isa = PBXFileReference; fileEncoding = 4; lastKnownFileType = sourcecode.c.objc; path = ViewController.m; sourceTree = "<group>"; };
		67B10CE619D8EECA00B0E9CF /* MainView.h */ = {isa = PBXFileReference; fileEncoding = 4; lastKnownFileType = sourcecode.c.h; path = MainView.h; sourceTree = "<group>"; };
		67B10CE719D8EECA00B0E9CF /* MainView.m */ = {isa = PBXFileReference; fileEncoding = 4; lastKnownFileType = sourcecode.c.objc; path = MainView.m; sourceTree = "<group>"; };
/* End PBXFileReference section */

/* Begin PBXFrameworksBuildPhase section */
		67B10CAE19D8EE5900B0E9CF /* Frameworks */ = {
			isa = PBXFrameworksBuildPhase;
			buildActionMask = 2147483647;
			files = (
				67B10CB719D8EE5900B0E9CF /* CoreGraphics.framework in Frameworks */,
				67B10CB919D8EE5900B0E9CF /* UIKit.framework in Frameworks */,
				67B10CB519D8EE5900B0E9CF /* Foundation.framework in Frameworks */,
			);
			runOnlyForDeploymentPostprocessing = 0;
		};
		67B10CC919D8EE5900B0E9CF /* Frameworks */ = {
			isa = PBXFrameworksBuildPhase;
			buildActionMask = 2147483647;
			files = (
				67B10CCE19D8EE5900B0E9CF /* XCTest.framework in Frameworks */,
				67B10CD019D8EE5900B0E9CF /* UIKit.framework in Frameworks */,
				67B10CCF19D8EE5900B0E9CF /* Foundation.framework in Frameworks */,
			);
			runOnlyForDeploymentPostprocessing = 0;
		};
/* End PBXFrameworksBuildPhase section */

/* Begin PBXGroup section */
		67B10CA819D8EE5900B0E9CF = {
			isa = PBXGroup;
			children = (
				67B10CBA19D8EE5900B0E9CF /* GCDDemo */,
				67B10CD319D8EE5900B0E9CF /* GCDDemoTests */,
				67B10CB319D8EE5900B0E9CF /* Frameworks */,
				67B10CB219D8EE5900B0E9CF /* Products */,
			);
			sourceTree = "<group>";
		};
		67B10CB219D8EE5900B0E9CF /* Products */ = {
			isa = PBXGroup;
			children = (
				67B10CB119D8EE5900B0E9CF /* GCDDemo.app */,
				67B10CCC19D8EE5900B0E9CF /* GCDDemoTests.xctest */,
			);
			name = Products;
			sourceTree = "<group>";
		};
		67B10CB319D8EE5900B0E9CF /* Frameworks */ = {
			isa = PBXGroup;
			children = (
				67B10CB419D8EE5900B0E9CF /* Foundation.framework */,
				67B10CB619D8EE5900B0E9CF /* CoreGraphics.framework */,
				67B10CB819D8EE5900B0E9CF /* UIKit.framework */,
				67B10CCD19D8EE5900B0E9CF /* XCTest.framework */,
			);
			name = Frameworks;
			sourceTree = "<group>";
		};
		67B10CBA19D8EE5900B0E9CF /* GCDDemo */ = {
			isa = PBXGroup;
			children = (
				67B10CC319D8EE5900B0E9CF /* AppDelegate.h */,
				67B10CC419D8EE5900B0E9CF /* AppDelegate.m */,
				67B10CE319D8EE8E00B0E9CF /* ViewController.h */,
				67B10CE419D8EE8E00B0E9CF /* ViewController.m */,
				67B10CE619D8EECA00B0E9CF /* MainView.h */,
				67B10CE719D8EECA00B0E9CF /* MainView.m */,
				67B10CC619D8EE5900B0E9CF /* Images.xcassets */,
				67B10CBB19D8EE5900B0E9CF /* Supporting Files */,
			);
			path = GCDDemo;
			sourceTree = "<group>";
		};
		67B10CBB19D8EE5900B0E9CF /* Supporting Files */ = {
			isa = PBXGroup;
			children = (
				67B10CBC19D8EE5900B0E9CF /* GCDDemo-Info.plist */,
				67B10CBD19D8EE5900B0E9CF /* InfoPlist.strings */,
				67B10CC019D8EE5900B0E9CF /* main.m */,
				67B10CC219D8EE5900B0E9CF /* GCDDemo-Prefix.pch */,
			);
			name = "Supporting Files";
			sourceTree = "<group>";
		};
		67B10CD319D8EE5900B0E9CF /* GCDDemoTests */ = {
			isa = PBXGroup;
			children = (
				67B10CD919D8EE5900B0E9CF /* GCDDemoTests.m */,
				67B10CD419D8EE5900B0E9CF /* Supporting Files */,
			);
			path = GCDDemoTests;
			sourceTree = "<group>";
		};
		67B10CD419D8EE5900B0E9CF /* Supporting Files */ = {
			isa = PBXGroup;
			children = (
				67B10CD519D8EE5900B0E9CF /* GCDDemoTests-Info.plist */,
				67B10CD619D8EE5900B0E9CF /* InfoPlist.strings */,
			);
			name = "Supporting Files";
			sourceTree = "<group>";
		};
/* End PBXGroup section */

/* Begin PBXNativeTarget section */
		67B10CB019D8EE5900B0E9CF /* GCDDemo */ = {
			isa = PBXNativeTarget;
			buildConfigurationList = 67B10CDD19D8EE5900B0E9CF /* Build configuration list for PBXNativeTarget "GCDDemo" */;
			buildPhases = (
				67B10CAD19D8EE5900B0E9CF /* Sources */,
				67B10CAE19D8EE5900B0E9CF /* Frameworks */,
				67B10CAF19D8EE5900B0E9CF /* Resources */,
			);
			buildRules = (
			);
			dependencies = (
			);
			name = GCDDemo;
			productName = GCDDemo;
			productReference = 67B10CB119D8EE5900B0E9CF /* GCDDemo.app */;
			productType = "com.apple.product-type.application";
		};
		67B10CCB19D8EE5900B0E9CF /* GCDDemoTests */ = {
			isa = PBXNativeTarget;
			buildConfigurationList = 67B10CE019D8EE5900B0E9CF /* Build configuration list for PBXNativeTarget "GCDDemoTests" */;
			buildPhases = (
				67B10CC819D8EE5900B0E9CF /* Sources */,
				67B10CC919D8EE5900B0E9CF /* Frameworks */,
				67B10CCA19D8EE5900B0E9CF /* Resources */,
			);
			buildRules = (
			);
			dependencies = (
				67B10CD219D8EE5900B0E9CF /* PBXTargetDependency */,
			);
			name = GCDDemoTests;
			productName = GCDDemoTests;
			productReference = 67B10CCC19D8EE5900B0E9CF /* GCDDemoTests.xctest */;
			productType = "com.apple.product-type.bundle.unit-test";
		};
/* End PBXNativeTarget section */

/* Begin PBXProject section */
		67B10CA919D8EE5900B0E9CF /* Project object */ = {
			isa = PBXProject;
			attributes = {
				LastUpgradeCheck = 0510;
				ORGANIZATIONNAME = pigpigdaddy;
				TargetAttributes = {
					67B10CCB19D8EE5900B0E9CF = {
						TestTargetID = 67B10CB019D8EE5900B0E9CF;
					};
				};
			};
			buildConfigurationList = 67B10CAC19D8EE5900B0E9CF /* Build configuration list for PBXProject "GCDDemo" */;
			compatibilityVersion = "Xcode 3.2";
			developmentRegion = English;
			hasScannedForEncodings = 0;
			knownRegions = (
				en,
			);
			mainGroup = 67B10CA819D8EE5900B0E9CF;
			productRefGroup = 67B10CB219D8EE5900B0E9CF /* Products */;
			projectDirPath = "";
			projectRoot = "";
			targets = (
				67B10CB019D8EE5900B0E9CF /* GCDDemo */,
				67B10CCB19D8EE5900B0E9CF /* GCDDemoTests */,
			);
		};
/* End PBXProject section */

/* Begin PBXResourcesBuildPhase section */
		67B10CAF19D8EE5900B0E9CF /* Resources */ = {
			isa = PBXResourcesBuildPhase;
			buildActionMask = 2147483647;
			files = (
				67B10CBF19D8EE5900B0E9CF /* InfoPlist.strings in Resources */,
				67B10CC719D8EE5900B0E9CF /* Images.xcassets in Resources */,
			);
			runOnlyForDeploymentPostprocessing = 0;
		};
		67B10CCA19D8EE5900B0E9CF /* Resources */ = {
			isa = PBXResourcesBuildPhase;
			buildActionMask = 2147483647;
			files = (
				67B10CD819D8EE5900B0E9CF /* InfoPlist.strings in Resources */,
			);
			runOnlyForDeploymentPostprocessing = 0;
		};
/* End PBXResourcesBuildPhase section */

/* Begin PBXSourcesBuildPhase section */
		67B10CAD19D8EE5900B0E9CF /* Sources */ = {
			isa = PBXSourcesBuildPhase;
			buildActionMask = 2147483647;
			files = (
				67B10CE519D8EE8E00B0E9CF /* ViewController.m in Sources */,
				67B10CE819D8EECA00B0E9CF /* MainView.m in Sources */,
				67B10CC519D8EE5900B0E9CF /* AppDelegate.m in Sources */,
				67B10CC119D8EE5900B0E9CF /* main.m in Sources */,
			);
			runOnlyForDeploymentPostprocessing = 0;
		};
		67B10CC819D8EE5900B0E9CF /* Sources */ = {
			isa = PBXSourcesBuildPhase;
			buildActionMask = 2147483647;
			files = (
				67B10CDA19D8EE5900B0E9CF /* GCDDemoTests.m in Sources */,
			);
			runOnlyForDeploymentPostprocessing = 0;
		};
/* End PBXSourcesBuildPhase section */

/* Begin PBXTargetDependency section */
		67B10CD219D8EE5900B0E9CF /* PBXTargetDependency */ = {
			isa = PBXTargetDependency;
			target = 67B10CB019D8EE5900B0E9CF /* GCDDemo */;
			targetProxy = 67B10CD119D8EE5900B0E9CF /* PBXContainerItemProxy */;
		};
/* End PBXTargetDependency section */

/* Begin PBXVariantGroup section */
		67B10CBD19D8EE5900B0E9CF /* InfoPlist.strings */ = {
			isa = PBXVariantGroup;
			children = (
				67B10CBE19D8EE5900B0E9CF /* en */,
			);
			name = InfoPlist.strings;
			sourceTree = "<group>";
		};
		67B10CD619D8EE5900B0E9CF /* InfoPlist.strings */ = {
			isa = PBXVariantGroup;
			children = (
				67B10CD719D8EE5900B0E9CF /* en */,
			);
			name = InfoPlist.strings;
			sourceTree = "<group>";
		};
/* End PBXVariantGroup section */

/* Begin XCBuildConfiguration section */
		67B10CDB19D8EE5900B0E9CF /* Debug */ = {
			isa = XCBuildConfiguration;
			buildSettings = {
				ALWAYS_SEARCH_USER_PATHS = NO;
				CLANG_CXX_LANGUAGE_STANDARD = "gnu++0x";
				CLANG_CXX_LIBRARY = "libc++";
				CLANG_ENABLE_MODULES = YES;
				CLANG_ENABLE_OBJC_ARC = YES;
				CLANG_WARN_BOOL_CONVERSION = YES;
				CLANG_WARN_CONSTANT_CONVERSION = YES;
				CLANG_WARN_DIRECT_OBJC_ISA_USAGE = YES_ERROR;
				CLANG_WARN_EMPTY_BODY = YES;
				CLANG_WARN_ENUM_CONVERSION = YES;
				CLANG_WARN_INT_CONVERSION = YES;
				CLANG_WARN_OBJC_ROOT_CLASS = YES_ERROR;
				CLANG_WARN__DUPLICATE_METHOD_MATCH = YES;
				"CODE_SIGN_IDENTITY[sdk=iphoneos*]" = "iPhone Developer";
				COPY_PHASE_STRIP = NO;
				GCC_C_LANGUAGE_STANDARD = gnu99;
				GCC_DYNAMIC_NO_PIC = NO;
				GCC_OPTIMIZATION_LEVEL = 0;
				GCC_PREPROCESSOR_DEFINITIONS = (
					"DEBUG=1",
					"$(inherited)",
				);
				GCC_SYMBOLS_PRIVATE_EXTERN = NO;
				GCC_WARN_64_TO_32_BIT_CONVERSION = YES;
				GCC_WARN_ABOUT_RETURN_TYPE = YES_ERROR;
				GCC_WARN_UNDECLARED_SELECTOR = YES;
				GCC_WARN_UNINITIALIZED_AUTOS = YES_AGGRESSIVE;
				GCC_WARN_UNUSED_FUNCTION = YES;
				GCC_WARN_UNUSED_VARIABLE = YES;
				IPHONEOS_DEPLOYMENT_TARGET = 7.1;
				ONLY_ACTIVE_ARCH = YES;
				SDKROOT = iphoneos;
			};
			name = Debug;
		};
		67B10CDC19D8EE5900B0E9CF /* Release */ = {
			isa = XCBuildConfiguration;
			buildSettings = {
				ALWAYS_SEARCH_USER_PATHS = NO;
				CLANG_CXX_LANGUAGE_STANDARD = "gnu++0x";
				CLANG_CXX_LIBRARY = "libc++";
				CLANG_ENABLE_MODULES = YES;
				CLANG_ENABLE_OBJC_ARC = YES;
				CLANG_WARN_BOOL_CONVERSION = YES;
				CLANG_WARN_CONSTANT_CONVERSION = YES;
				CLANG_WARN_DIRECT_OBJC_ISA_USAGE = YES_ERROR;
				CLANG_WARN_EMPTY_BODY = YES;
				CLANG_WARN_ENUM_CONVERSION = YES;
				CLANG_WARN_INT_CONVERSION = YES;
				CLANG_WARN_OBJC_ROOT_CLASS = YES_ERROR;
				CLANG_WARN__DUPLICATE_METHOD_MATCH = YES;
				"CODE_SIGN_IDENTITY[sdk=iphoneos*]" = "iPhone Developer";
				COPY_PHASE_STRIP = YES;
				ENABLE_NS_ASSERTIONS = NO;
				GCC_C_LANGUAGE_STANDARD = gnu99;
				GCC_WARN_64_TO_32_BIT_CONVERSION = YES;
				GCC_WARN_ABOUT_RETURN_TYPE = YES_ERROR;
				GCC_WARN_UNDECLARED_SELECTOR = YES;
				GCC_WARN_UNINITIALIZED_AUTOS = YES_AGGRESSIVE;
				GCC_WARN_UNUSED_FUNCTION = YES;
				GCC_WARN_UNUSED_VARIABLE = YES;
				IPHONEOS_DEPLOYMENT_TARGET = 7.1;
				SDKROOT = iphoneos;
				VALIDATE_PRODUCT = YES;
			};
			name = Release;
		};
		67B10CDE19D8EE5900B0E9CF /* Debug */ = {
			isa = XCBuildConfiguration;
			buildSettings = {
				ASSETCATALOG_COMPILER_APPICON_NAME = AppIcon;
				ASSETCATALOG_COMPILER_LAUNCHIMAGE_NAME = LaunchImage;
				GCC_PRECOMPILE_PREFIX_HEADER = YES;
				GCC_PREFIX_HEADER = "GCDDemo/GCDDemo-Prefix.pch";
				INFOPLIST_FILE = "GCDDemo/GCDDemo-Info.plist";
				PRODUCT_NAME = "$(TARGET_NAME)";
				WRAPPER_EXTENSION = app;
			};
			name = Debug;
		};
		67B10CDF19D8EE5900B0E9CF /* Release */ = {
			isa = XCBuildConfiguration;
			buildSettings = {
				ASSETCATALOG_COMPILER_APPICON_NAME = AppIcon;
				ASSETCATALOG_COMPILER_LAUNCHIMAGE_NAME = LaunchImage;
				GCC_PRECOMPILE_PREFIX_HEADER = YES;
				GCC_PREFIX_HEADER = "GCDDemo/GCDDemo-Prefix.pch";
				INFOPLIST_FILE = "GCDDemo/GCDDemo-Info.plist";
				PRODUCT_NAME = "$(TARGET_NAME)";
				WRAPPER_EXTENSION = app;
			};
			name = Release;
		};
		67B10CE119D8EE5900B0E9CF /* Debug */ = {
			isa = XCBuildConfiguration;
			buildSettings = {
				BUNDLE_LOADER = "$(BUILT_PRODUCTS_DIR)/GCDDemo.app/GCDDemo";
				FRAMEWORK_SEARCH_PATHS = (
					"$(SDKROOT)/Developer/Library/Frameworks",
					"$(inherited)",
					"$(DEVELOPER_FRAMEWORKS_DIR)",
				);
				GCC_PRECOMPILE_PREFIX_HEADER = YES;
				GCC_PREFIX_HEADER = "GCDDemo/GCDDemo-Prefix.pch";
				GCC_PREPROCESSOR_DEFINITIONS = (
					"DEBUG=1",
					"$(inherited)",
				);
				INFOPLIST_FILE = "GCDDemoTests/GCDDemoTests-Info.plist";
				PRODUCT_NAME = "$(TARGET_NAME)";
				TEST_HOST = "$(BUNDLE_LOADER)";
				WRAPPER_EXTENSION = xctest;
			};
			name = Debug;
		};
		67B10CE219D8EE5900B0E9CF /* Release */ = {
			isa = XCBuildConfiguration;
			buildSettings = {
				BUNDLE_LOADER = "$(BUILT_PRODUCTS_DIR)/GCDDemo.app/GCDDemo";
				FRAMEWORK_SEARCH_PATHS = (
					"$(SDKROOT)/Developer/Library/Frameworks",
					"$(inherited)",
					"$(DEVELOPER_FRAMEWORKS_DIR)",
				);
				GCC_PRECOMPILE_PREFIX_HEADER = YES;
				GCC_PREFIX_HEADER = "GCDDemo/GCDDemo-Prefix.pch";
				INFOPLIST_FILE = "GCDDemoTests/GCDDemoTests-Info.plist";
				PRODUCT_NAME = "$(TARGET_NAME)";
				TEST_HOST = "$(BUNDLE_LOADER)";
				WRAPPER_EXTENSION = xctest;
			};
			name = Release;
		};
/* End XCBuildConfiguration section */

/* Begin XCConfigurationList section */
		67B10CAC19D8EE5900B0E9CF /* Build configuration list for PBXProject "GCDDemo" */ = {
			isa = XCConfigurationList;
			buildConfigurations = (
				67B10CDB19D8EE5900B0E9CF /* Debug */,
				67B10CDC19D8EE5900B0E9CF /* Release */,
			);
			defaultConfigurationIsVisible = 0;
			defaultConfigurationName = Release;
		};
		67B10CDD19D8EE5900B0E9CF /* Build configuration list for PBXNativeTarget "GCDDemo" */ = {
			isa = XCConfigurationList;
			buildConfigurations = (
				67B10CDE19D8EE5900B0E9CF /* Debug */,
				67B10CDF19D8EE5900B0E9CF /* Release */,
			);
			defaultConfigurationIsVisible = 0;
		};
		67B10CE019D8EE5900B0E9CF /* Build configuration list for PBXNativeTarget "GCDDemoTests" */ = {
			isa = XCConfigurationList;
			buildConfigurations = (
				67B10CE119D8EE5900B0E9CF /* Debug */,
				67B10CE219D8EE5900B0E9CF /* Release */,
			);
			defaultConfigurationIsVisible = 0;
		};
/* End XCConfigurationList section */
	};
	rootObject = 67B10CA919D8EE5900B0E9CF /* Project object */;
}
